
Microsoft Visual Studio Solution File, Format Version 12.00
# Visual Studio Version 17
VisualStudioVersion = 17.4.33403.182
MinimumVisualStudioVersion = 10.0.40219.1
Project("{9A19103F-16F7-4668-BE54-9A1E7A4F7556}") = "EMS.Site", "EMS.Site.csproj", "{B535720C-C169-403B-BD53-AAFE517383CC}"
EndProject
Project("{9A19103F-16F7-4668-BE54-9A1E7A4F7556}") = "EMS.Core", "..\EMS.Core\EMS.Core.csproj", "{C7E9C3A8-97CE-42B8-A2B6-78B31A0872B5}"
EndProject
Project("{9A19103F-16F7-4668-BE54-9A1E7A4F7556}") = "EMS.Data", "..\EMS.Repositories\EMS.Data.csproj", "{F61C3DE0-DB59-4A9A-897E-1DEA1501657B}"
EndProject
Project("{9A19103F-16F7-4668-BE54-9A1E7A4F7556}") = "EMS.Application", "..\EMS.Application\EMS.Application.csproj", "{3E759E4C-0DA2-411C-9355-19F7026F091F}"
EndProject
Project("{9A19103F-16F7-4668-BE54-9A1E7A4F7556}") = "Ems.Infrastructure", "..\Ems.Infrastructure\Ems.Infrastructure.csproj", "{987C38B5-69E9-4370-A3AB-1690AA81A1B8}"
EndProject
Global
	GlobalSection(SolutionConfigurationPlatforms) = preSolution
		Debug|Any CPU = Debug|Any CPU
		Release|Any CPU = Release|Any CPU
	EndGlobalSection
	GlobalSection(ProjectConfigurationPlatforms) = postSolution
		{B535720C-C169-403B-BD53-AAFE517383CC}.Debug|Any CPU.ActiveCfg = Debug|Any CPU
		{B535720C-C169-403B-BD53-AAFE517383CC}.Debug|Any CPU.Build.0 = Debug|Any CPU
		{B535720C-C169-403B-BD53-AAFE517383CC}.Release|Any CPU.ActiveCfg = Release|Any CPU
		{B535720C-C169-403B-BD53-AAFE517383CC}.Release|Any CPU.Build.0 = Release|Any CPU
		{C7E9C3A8-97CE-42B8-A2B6-78B31A0872B5}.Debug|Any CPU.ActiveCfg = Debug|Any CPU
		{C7E9C3A8-97CE-42B8-A2B6-78B31A0872B5}.Debug|Any CPU.Build.0 = Debug|Any CPU
		{C7E9C3A8-97CE-42B8-A2B6-78B31A0872B5}.Release|Any CPU.ActiveCfg = Release|Any CPU
		{C7E9C3A8-97CE-42B8-A2B6-78B31A0872B5}.Release|Any CPU.Build.0 = Release|Any CPU
		{F61C3DE0-DB59-4A9A-897E-1DEA1501657B}.Debug|Any CPU.ActiveCfg = Debug|Any CPU
		{F61C3DE0-DB59-4A9A-897E-1DEA1501657B}.Debug|Any CPU.Build.0 = Debug|Any CPU
		{F61C3DE0-DB59-4A9A-897E-1DEA1501657B}.Release|Any CPU.ActiveCfg = Release|Any CPU
		{F61C3DE0-DB59-4A9A-897E-1DEA1501657B}.Release|Any CPU.Build.0 = Release|Any CPU
		{3E759E4C-0DA2-411C-9355-19F7026F091F}.Debug|Any CPU.ActiveCfg = Debug|Any CPU
		{3E759E4C-0DA2-411C-9355-19F7026F091F}.Debug|Any CPU.Build.0 = Debug|Any CPU
		{3E759E4C-0DA2-411C-9355-19F7026F091F}.Release|Any CPU.ActiveCfg = Release|Any CPU
		{3E759E4C-0DA2-411C-9355-19F7026F091F}.Release|Any CPU.Build.0 = Release|Any CPU
		{987C38B5-69E9-4370-A3AB-1690AA81A1B8}.Debug|Any CPU.ActiveCfg = Debug|Any CPU
		{987C38B5-69E9-4370-A3AB-1690AA81A1B8}.Debug|Any CPU.Build.0 = Debug|Any CPU
		{987C38B5-69E9-4370-A3AB-1690AA81A1B8}.Release|Any CPU.ActiveCfg = Release|Any CPU
		{987C38B5-69E9-4370-A3AB-1690AA81A1B8}.Release|Any CPU.Build.0 = Release|Any CPU
	EndGlobalSection
	GlobalSection(SolutionProperties) = preSolution
		HideSolutionNode = FALSE
	EndGlobalSection
	GlobalSection(ExtensibilityGlobals) = postSolution
		SolutionGuid = {246A09F7-EAEE-4DEB-B02C-8A03A03A0310}
	EndGlobalSection
EndGlobal
